# @generated by Move, please check-in and do not edit manually.

[move]
version = 3
manifest_digest = "E8F933FC09F2810B1AA0034155824535351E1CFAAD4785412D36A3AD09C50524"
deps_digest = "F8BBB0CCB2491CA29A3DF03D6F92277A4F3574266507ACD77214D37ECA3F3082"
dependencies = [
  { id = "Iota", name = "Iota" },
]

[[move.package]]
id = "Iota"
source = { git = "https://github.com/iotaledger/iota.git", rev = "testnet", subdir = "crates/iota-framework/packages/iota-framework" }

dependencies = [
  { id = "MoveStdlib", name = "MoveStdlib" },
]

[[move.package]]
id = "MoveStdlib"
source = { git = "https://github.com/iotaledger/iota.git", rev = "testnet", subdir = "crates\\iota-framework\\packages\\move-stdlib" }

[move.toolchain-version]
compiler-version = "1.11.0"
edition = "2024.beta"
flavor = "iota"

[env]

[env.testnet]
chain-id = "2304aa97"
original-published-id = "0x1bbc4ffd635be17a7eef0ac53c756f0cecaf6f71629342586651681269daee7b"
latest-published-id = "0x1bbc4ffd635be17a7eef0ac53c756f0cecaf6f71629342586651681269daee7b"
published-version = "1"
