# @generated by Move, please check-in and do not edit manually.

[move]
version = 3
manifest_digest = "1B9588A9FD506B5D1879B4717B67CDD9319DA23625B6F9B326FE09ED63601AAD"
deps_digest = "F8BBB0CCB2491CA29A3DF03D6F92277A4F3574266507ACD77214D37ECA3F3082"
dependencies = [
  { id = "Iota", name = "Iota" },
]

[[move.package]]
id = "Iota"
source = { git = "https://github.com/iotaledger/iota.git", rev = "testnet", subdir = "crates/iota-framework/packages/iota-framework" }

dependencies = [
  { id = "MoveStdlib", name = "MoveStdlib" },
]

[[move.package]]
id = "MoveStdlib"
source = { git = "https://github.com/iotaledger/iota.git", rev = "testnet", subdir = "crates/iota-framework/packages/move-stdlib" }

[move.toolchain-version]
compiler-version = "0.11.6-rc"
edition = "2024.beta"
flavor = "iota"

[env]

[env.devnet]
chain-id = "e678123a"
original-published-id = "0xfd3c3add948738f6197b78c2a9c7a68570a09162ba04bb10460fd459a1a82eaf"
latest-published-id = "0xfd3c3add948738f6197b78c2a9c7a68570a09162ba04bb10460fd459a1a82eaf"
published-version = "1"

[env.testnet]
chain-id = "2304aa97"
original-published-id = "0x73c2f2e396d31cafbf225de90d6206f4d9c508695294ede4d37e2aac817604e8"
latest-published-id = "0x73c2f2e396d31cafbf225de90d6206f4d9c508695294ede4d37e2aac817604e8"
published-version = "1"
