# @generated by Move, please check-in and do not edit manually.

[move]
version = 3
manifest_digest = "D3CF9D40D495897B2A503C7F43A7AC6E9ACE0F62D7B6C62E1932EB3D0DA12248"
deps_digest = "F8BBB0CCB2491CA29A3DF03D6F92277A4F3574266507ACD77214D37ECA3F3082"
dependencies = [
  { id = "Iota", name = "Iota" },
]

[[move.package]]
id = "Iota"
source = { git = "https://github.com/iotaledger/iota.git", rev = "testnet", subdir = "crates/iota-framework/packages/iota-framework" }

dependencies = [
  { id = "MoveStdlib", name = "MoveStdlib" },
]

[[move.package]]
id = "MoveStdlib"
source = { git = "https://github.com/iotaledger/iota.git", rev = "testnet", subdir = "crates/iota-framework/packages/move-stdlib" }

[move.toolchain-version]
compiler-version = "1.11.0-rc"
edition = "2024.beta"
flavor = "iota"

[env]

[env.devnet]
chain-id = "e678123a"
original-published-id = "0xfd3c3add948738f6197b78c2a9c7a68570a09162ba04bb10460fd459a1a82eaf"
latest-published-id = "0xfd3c3add948738f6197b78c2a9c7a68570a09162ba04bb10460fd459a1a82eaf"
published-version = "1"

[env.testnet]
chain-id = "2304aa97"
original-published-id = "0xb3f5222cf59a433a20ab921f184c9a307a07e1402e0b05bb361a8f43c90dbb2e"
latest-published-id = "0xb3f5222cf59a433a20ab921f184c9a307a07e1402e0b05bb361a8f43c90dbb2e"
published-version = "1"
